
Microsoft Visual Studio Solution File, Format Version 12.00
# Visual Studio Version 17
VisualStudioVersion = 17.1.32407.343
MinimumVisualStudioVersion = 10.0.40219.1
Project("{9A19103F-16F7-4668-BE54-9A1E7A4F7556}") = "DAL", "DAL.csproj", "{3929F314-A1C2-446E-8A4E-B62643860E35}"
EndProject
Project("{FAE04EC0-301F-11D3-BF4B-00C04F79EFBC}") = "WebApp", "WebApp\WebApp.csproj", "{EA42053C-D8AC-4773-A1E5-28E482E5918A}"
EndProject
Global
	GlobalSection(SolutionConfigurationPlatforms) = preSolution
		Debug|Any CPU = Debug|Any CPU
		Release|Any CPU = Release|Any CPU
	EndGlobalSection
	GlobalSection(ProjectConfigurationPlatforms) = postSolution
		{3929F314-A1C2-446E-8A4E-B62643860E35}.Debug|Any CPU.ActiveCfg = Debug|Any CPU
		{3929F314-A1C2-446E-8A4E-B62643860E35}.Debug|Any CPU.Build.0 = Debug|Any CPU
		{3929F314-A1C2-446E-8A4E-B62643860E35}.Release|Any CPU.ActiveCfg = Release|Any CPU
		{3929F314-A1C2-446E-8A4E-B62643860E35}.Release|Any CPU.Build.0 = Release|Any CPU
		{EA42053C-D8AC-4773-A1E5-28E482E5918A}.Debug|Any CPU.ActiveCfg = Debug|Any CPU
		{EA42053C-D8AC-4773-A1E5-28E482E5918A}.Debug|Any CPU.Build.0 = Debug|Any CPU
		{EA42053C-D8AC-4773-A1E5-28E482E5918A}.Release|Any CPU.ActiveCfg = Release|Any CPU
		{EA42053C-D8AC-4773-A1E5-28E482E5918A}.Release|Any CPU.Build.0 = Release|Any CPU
	EndGlobalSection
	GlobalSection(SolutionProperties) = preSolution
		HideSolutionNode = FALSE
	EndGlobalSection
	GlobalSection(ExtensibilityGlobals) = postSolution
		SolutionGuid = {43B4826C-1A98-49F8-BFFE-F223C9B478E1}
	EndGlobalSection
EndGlobal
